// !$*UTF8*$!
{
	archiveVersion = 1;
	classes = {
	};
	objectVersion = 50;
	objects = {

/* Begin PBXBuildFile section */
		995963FB23B78EBE0059BF0F /* BXNKController.c in Sources */ = {isa = PBXBuildFile; fileRef = 995963FA23B78EBE0059BF0F /* BXNKController.c */; };
		995963FF23B88DD70059BF0F /* PComm.c in Sources */ = {isa = PBXBuildFile; fileRef = 995963FE23B88DD70059BF0F /* PComm.c */; };
		99A4428823B1A97E004209B1 /* main.c in Sources */ = {isa = PBXBuildFile; fileRef = 99A4428723B1A97E004209B1 /* main.c */; };
		99A4429523B1A9DE004209B1 /* BX4K.c in Sources */ = {isa = PBXBuildFile; fileRef = 99A4429023B1A9DE004209B1 /* BX4K.c */; };
/* End PBXBuildFile section */

/* Begin PBXCopyFilesBuildPhase section */
		99A4428223B1A97E004209B1 /* CopyFiles */ = {
			isa = PBXCopyFilesBuildPhase;
			buildActionMask = 2147483647;
			dstPath = /usr/share/man/man1/;
			dstSubfolderSpec = 0;
			files = (
			);
			runOnlyForDeploymentPostprocessing = 1;
		};
/* End PBXCopyFilesBuildPhase section */

/* Begin PBXFileReference section */
		995963F923B78EBE0059BF0F /* BXNKController.h */ = {isa = PBXFileReference; lastKnownFileType = sourcecode.c.h; path = BXNKController.h; sourceTree = "<group>"; };
		995963FA23B78EBE0059BF0F /* BXNKController.c */ = {isa = PBXFileReference; lastKnownFileType = sourcecode.c.c; path = BXNKController.c; sourceTree = "<group>"; };
		995963FC23B86FF20059BF0F /* windows.h */ = {isa = PBXFileReference; lastKnownFileType = sourcecode.c.h; path = windows.h; sourceTree = "<group>"; };
		995963FE23B88DD70059BF0F /* PComm.c */ = {isa = PBXFileReference; lastKnownFileType = sourcecode.c.c; path = PComm.c; sourceTree = "<group>"; };
		9959640023B899B00059BF0F /* output.png */ = {isa = PBXFileReference; lastKnownFileType = image.png; path = output.png; sourceTree = "<group>"; };
		99A4428423B1A97E004209B1 /* BX5KProtocol */ = {isa = PBXFileReference; explicitFileType = "compiled.mach-o.executable"; includeInIndex = 0; path = BX5KProtocol; sourceTree = BUILT_PRODUCTS_DIR; };
		99A4428723B1A97E004209B1 /* main.c */ = {isa = PBXFileReference; lastKnownFileType = sourcecode.c.c; path = main.c; sourceTree = "<group>"; };
		99A4428E23B1A9DD004209B1 /* BX4K.h */ = {isa = PBXFileReference; fileEncoding = 4; lastKnownFileType = sourcecode.c.h; path = BX4K.h; sourceTree = "<group>"; };
		99A4429023B1A9DE004209B1 /* BX4K.c */ = {isa = PBXFileReference; fileEncoding = 4; lastKnownFileType = sourcecode.c.c; path = BX4K.c; sourceTree = "<group>"; };
		99A4429223B1A9DE004209B1 /* README.md */ = {isa = PBXFileReference; fileEncoding = 4; lastKnownFileType = net.daringfireball.markdown; path = README.md; sourceTree = "<group>"; };
		99A4429323B1A9DE004209B1 /* PComm.h */ = {isa = PBXFileReference; fileEncoding = 4; lastKnownFileType = sourcecode.c.h; path = PComm.h; sourceTree = "<group>"; };
/* End PBXFileReference section */

/* Begin PBXFrameworksBuildPhase section */
		99A4428123B1A97E004209B1 /* Frameworks */ = {
			isa = PBXFrameworksBuildPhase;
			buildActionMask = 2147483647;
			files = (
			);
			runOnlyForDeploymentPostprocessing = 0;
		};
/* End PBXFrameworksBuildPhase section */

/* Begin PBXGroup section */
		99A4427B23B1A97E004209B1 = {
			isa = PBXGroup;
			children = (
				99A4428623B1A97E004209B1 /* BX5KProtocol */,
				99A4428523B1A97E004209B1 /* Products */,
			);
			sourceTree = "<group>";
		};
		99A4428523B1A97E004209B1 /* Products */ = {
			isa = PBXGroup;
			children = (
				99A4428423B1A97E004209B1 /* BX5KProtocol */,
			);
			name = Products;
			sourceTree = "<group>";
		};
		99A4428623B1A97E004209B1 /* BX5KProtocol */ = {
			isa = PBXGroup;
			children = (
				9959640023B899B00059BF0F /* output.png */,
				99A4429023B1A9DE004209B1 /* BX4K.c */,
				99A4428E23B1A9DD004209B1 /* BX4K.h */,
				99A4429323B1A9DE004209B1 /* PComm.h */,
				99A4429223B1A9DE004209B1 /* README.md */,
				99A4428723B1A97E004209B1 /* main.c */,
				995963F923B78EBE0059BF0F /* BXNKController.h */,
				995963FA23B78EBE0059BF0F /* BXNKController.c */,
				995963FC23B86FF20059BF0F /* windows.h */,
				995963FE23B88DD70059BF0F /* PComm.c */,
			);
			path = BX5KProtocol;
			sourceTree = "<group>";
		};
/* End PBXGroup section */

/* Begin PBXNativeTarget section */
		99A4428323B1A97E004209B1 /* BX5KProtocol */ = {
			isa = PBXNativeTarget;
			buildConfigurationList = 99A4428B23B1A97E004209B1 /* Build configuration list for PBXNativeTarget "BX5KProtocol" */;
			buildPhases = (
				99A4428023B1A97E004209B1 /* Sources */,
				99A4428123B1A97E004209B1 /* Frameworks */,
				99A4428223B1A97E004209B1 /* CopyFiles */,
			);
			buildRules = (
			);
			dependencies = (
			);
			name = BX5KProtocol;
			productName = BX5KProtocol;
			productReference = 99A4428423B1A97E004209B1 /* BX5KProtocol */;
			productType = "com.apple.product-type.tool";
		};
/* End PBXNativeTarget section */

/* Begin PBXProject section */
		99A4427C23B1A97E004209B1 /* Project object */ = {
			isa = PBXProject;
			attributes = {
				LastUpgradeCheck = 1120;
				ORGANIZATIONNAME = "Xin Luo";
				TargetAttributes = {
					99A4428323B1A97E004209B1 = {
						CreatedOnToolsVersion = 11.2.1;
					};
				};
			};
			buildConfigurationList = 99A4427F23B1A97E004209B1 /* Build configuration list for PBXProject "BX5KProtocol" */;
			compatibilityVersion = "Xcode 9.3";
			developmentRegion = en;
			hasScannedForEncodings = 0;
			knownRegions = (
				en,
				Base,
			);
			mainGroup = 99A4427B23B1A97E004209B1;
			productRefGroup = 99A4428523B1A97E004209B1 /* Products */;
			projectDirPath = "";
			projectRoot = "";
			targets = (
				99A4428323B1A97E004209B1 /* BX5KProtocol */,
			);
		};
/* End PBXProject section */

/* Begin PBXSourcesBuildPhase section */
		99A4428023B1A97E004209B1 /* Sources */ = {
			isa = PBXSourcesBuildPhase;
			buildActionMask = 2147483647;
			files = (
				995963FF23B88DD70059BF0F /* PComm.c in Sources */,
				99A4428823B1A97E004209B1 /* main.c in Sources */,
				995963FB23B78EBE0059BF0F /* BXNKController.c in Sources */,
				99A4429523B1A9DE004209B1 /* BX4K.c in Sources */,
			);
			runOnlyForDeploymentPostprocessing = 0;
		};
/* End PBXSourcesBuildPhase section */

/* Begin XCBuildConfiguration section */
		99A4428923B1A97E004209B1 /* Debug */ = {
			isa = XCBuildConfiguration;
			buildSettings = {
				ALWAYS_SEARCH_USER_PATHS = NO;
				CLANG_ANALYZER_NONNULL = YES;
				CLANG_ANALYZER_NUMBER_OBJECT_CONVERSION = YES_AGGRESSIVE;
				CLANG_CXX_LANGUAGE_STANDARD = "gnu++14";
				CLANG_CXX_LIBRARY = "libc++";
				CLANG_ENABLE_MODULES = YES;
				CLANG_ENABLE_OBJC_ARC = YES;
				CLANG_ENABLE_OBJC_WEAK = YES;
				CLANG_WARN_BLOCK_CAPTURE_AUTORELEASING = YES;
				CLANG_WARN_BOOL_CONVERSION = YES;
				CLANG_WARN_COMMA = YES;
				CLANG_WARN_CONSTANT_CONVERSION = YES;
				CLANG_WARN_DEPRECATED_OBJC_IMPLEMENTATIONS = YES;
				CLANG_WARN_DIRECT_OBJC_ISA_USAGE = YES_ERROR;
				CLANG_WARN_DOCUMENTATION_COMMENTS = YES;
				CLANG_WARN_EMPTY_BODY = YES;
				CLANG_WARN_ENUM_CONVERSION = YES;
				CLANG_WARN_INFINITE_RECURSION = YES;
				CLANG_WARN_INT_CONVERSION = YES;
				CLANG_WARN_NON_LITERAL_NULL_CONVERSION = YES;
				CLANG_WARN_OBJC_IMPLICIT_RETAIN_SELF = YES;
				CLANG_WARN_OBJC_LITERAL_CONVERSION = YES;
				CLANG_WARN_OBJC_ROOT_CLASS = YES_ERROR;
				CLANG_WARN_RANGE_LOOP_ANALYSIS = YES;
				CLANG_WARN_STRICT_PROTOTYPES = YES;
				CLANG_WARN_SUSPICIOUS_MOVE = YES;
				CLANG_WARN_UNGUARDED_AVAILABILITY = YES_AGGRESSIVE;
				CLANG_WARN_UNREACHABLE_CODE = YES;
				CLANG_WARN__DUPLICATE_METHOD_MATCH = YES;
				COPY_PHASE_STRIP = NO;
				DEBUG_INFORMATION_FORMAT = dwarf;
				ENABLE_STRICT_OBJC_MSGSEND = YES;
				ENABLE_TESTABILITY = YES;
				GCC_C_LANGUAGE_STANDARD = gnu11;
				GCC_DYNAMIC_NO_PIC = NO;
				GCC_NO_COMMON_BLOCKS = YES;
				GCC_OPTIMIZATION_LEVEL = 0;
				GCC_PREPROCESSOR_DEFINITIONS = (
					"DEBUG=1",
					"$(inherited)",
				);
				GCC_WARN_64_TO_32_BIT_CONVERSION = YES;
				GCC_WARN_ABOUT_RETURN_TYPE = YES_ERROR;
				GCC_WARN_UNDECLARED_SELECTOR = YES;
				GCC_WARN_UNINITIALIZED_AUTOS = YES_AGGRESSIVE;
				GCC_WARN_UNUSED_FUNCTION = YES;
				GCC_WARN_UNUSED_VARIABLE = YES;
				MACOSX_DEPLOYMENT_TARGET = 10.15;
				MTL_ENABLE_DEBUG_INFO = INCLUDE_SOURCE;
				MTL_FAST_MATH = YES;
				ONLY_ACTIVE_ARCH = YES;
				SDKROOT = macosx;
			};
			name = Debug;
		};
		99A4428A23B1A97E004209B1 /* Release */ = {
			isa = XCBuildConfiguration;
			buildSettings = {
				ALWAYS_SEARCH_USER_PATHS = NO;
				CLANG_ANALYZER_NONNULL = YES;
				CLANG_ANALYZER_NUMBER_OBJECT_CONVERSION = YES_AGGRESSIVE;
				CLANG_CXX_LANGUAGE_STANDARD = "gnu++14";
				CLANG_CXX_LIBRARY = "libc++";
				CLANG_ENABLE_MODULES = YES;
				CLANG_ENABLE_OBJC_ARC = YES;
				CLANG_ENABLE_OBJC_WEAK = YES;
				CLANG_WARN_BLOCK_CAPTURE_AUTORELEASING = YES;
				CLANG_WARN_BOOL_CONVERSION = YES;
				CLANG_WARN_COMMA = YES;
				CLANG_WARN_CONSTANT_CONVERSION = YES;
				CLANG_WARN_DEPRECATED_OBJC_IMPLEMENTATIONS = YES;
				CLANG_WARN_DIRECT_OBJC_ISA_USAGE = YES_ERROR;
				CLANG_WARN_DOCUMENTATION_COMMENTS = YES;
				CLANG_WARN_EMPTY_BODY = YES;
				CLANG_WARN_ENUM_CONVERSION = YES;
				CLANG_WARN_INFINITE_RECURSION = YES;
				CLANG_WARN_INT_CONVERSION = YES;
				CLANG_WARN_NON_LITERAL_NULL_CONVERSION = YES;
				CLANG_WARN_OBJC_IMPLICIT_RETAIN_SELF = YES;
				CLANG_WARN_OBJC_LITERAL_CONVERSION = YES;
				CLANG_WARN_OBJC_ROOT_CLASS = YES_ERROR;
				CLANG_WARN_RANGE_LOOP_ANALYSIS = YES;
				CLANG_WARN_STRICT_PROTOTYPES = YES;
				CLANG_WARN_SUSPICIOUS_MOVE = YES;
				CLANG_WARN_UNGUARDED_AVAILABILITY = YES_AGGRESSIVE;
				CLANG_WARN_UNREACHABLE_CODE = YES;
				CLANG_WARN__DUPLICATE_METHOD_MATCH = YES;
				COPY_PHASE_STRIP = NO;
				DEBUG_INFORMATION_FORMAT = "dwarf-with-dsym";
				ENABLE_NS_ASSERTIONS = NO;
				ENABLE_STRICT_OBJC_MSGSEND = YES;
				GCC_C_LANGUAGE_STANDARD = gnu11;
				GCC_NO_COMMON_BLOCKS = YES;
				GCC_WARN_64_TO_32_BIT_CONVERSION = YES;
				GCC_WARN_ABOUT_RETURN_TYPE = YES_ERROR;
				GCC_WARN_UNDECLARED_SELECTOR = YES;
				GCC_WARN_UNINITIALIZED_AUTOS = YES_AGGRESSIVE;
				GCC_WARN_UNUSED_FUNCTION = YES;
				GCC_WARN_UNUSED_VARIABLE = YES;
				MACOSX_DEPLOYMENT_TARGET = 10.15;
				MTL_ENABLE_DEBUG_INFO = NO;
				MTL_FAST_MATH = YES;
				SDKROOT = macosx;
			};
			name = Release;
		};
		99A4428C23B1A97E004209B1 /* Debug */ = {
			isa = XCBuildConfiguration;
			buildSettings = {
				CODE_SIGN_STYLE = Automatic;
				DEVELOPMENT_TEAM = G5QXK6CXN8;
				ENABLE_HARDENED_RUNTIME = YES;
				PRODUCT_NAME = "$(TARGET_NAME)";
			};
			name = Debug;
		};
		99A4428D23B1A97E004209B1 /* Release */ = {
			isa = XCBuildConfiguration;
			buildSettings = {
				CODE_SIGN_STYLE = Automatic;
				DEVELOPMENT_TEAM = G5QXK6CXN8;
				ENABLE_HARDENED_RUNTIME = YES;
				PRODUCT_NAME = "$(TARGET_NAME)";
			};
			name = Release;
		};
/* End XCBuildConfiguration section */

/* Begin XCConfigurationList section */
		99A4427F23B1A97E004209B1 /* Build configuration list for PBXProject "BX5KProtocol" */ = {
			isa = XCConfigurationList;
			buildConfigurations = (
				99A4428923B1A97E004209B1 /* Debug */,
				99A4428A23B1A97E004209B1 /* Release */,
			);
			defaultConfigurationIsVisible = 0;
			defaultConfigurationName = Release;
		};
		99A4428B23B1A97E004209B1 /* Build configuration list for PBXNativeTarget "BX5KProtocol" */ = {
			isa = XCConfigurationList;
			buildConfigurations = (
				99A4428C23B1A97E004209B1 /* Debug */,
				99A4428D23B1A97E004209B1 /* Release */,
			);
			defaultConfigurationIsVisible = 0;
			defaultConfigurationName = Release;
		};
/* End XCConfigurationList section */
	};
	rootObject = 99A4427C23B1A97E004209B1 /* Project object */;
}
